<?xml version="1.0" encoding="utf-8"?>
<Project ToolsVersion="4.0" xmlns="http://schemas.microsoft.com/developer/msbuild/2003">
  <ItemGroup>
    <Filter Include="Source Files">
      <UniqueIdentifier>{4FC737F1-C7A5-4376-A066-2A32D752A2FF}</UniqueIdentifier>
      <Extensions>cpp;c;cc;cxx;c++;cppm;ixx;def;odl;idl;hpj;bat;asm;asmx</Extensions>
    </Filter>
    <Filter Include="Header Files">
      <UniqueIdentifier>{93995380-89BD-4b04-88EB-625FBE52EBFB}</UniqueIdentifier>
      <Extensions>h;hh;hpp;hxx;h++;hm;inl;inc;ipp;xsd</Extensions>
    </Filter>
    <Filter Include="Resource Files">
      <UniqueIdentifier>{67DA6AB6-F800-4c08-8B7A-83BB121AAD01}</UniqueIdentifier>
      <Extensions>rc;ico;cur;bmp;dlg;rc2;rct;bin;rgs;gif;jpg;jpeg;jpe;resx;tiff;tif;png;wav;mfcribbon-ms</Extensions>
    </Filter>
    <Filter Include="Source Files\310">
      <UniqueIdentifier>{bbf0d112-2a4c-49ab-9e77-4435136017f5}</UniqueIdentifier>
    </Filter>
  </ItemGroup>
  <ItemGroup>
    <ClCompile Include="source\45_58.cpp">
      <Filter>Source Files</Filter>
    </ClCompile>
    <ClCompile Include="source\55_84.cpp">
      <Filter>Source Files</Filter>
    </ClCompile>
    <ClCompile Include="source\84_12.cpp">
      <Filter>Source Files</Filter>
    </ClCompile>
    <ClCompile Include="source\135_71.cpp">
      <Filter>Source Files</Filter>
    </ClCompile>
    <ClCompile Include="source\332_67.cpp">
      <Filter>Source Files</Filter>
    </ClCompile>
    <ClCompile Include="source\380_94.cpp">
      <Filter>Source Files</Filter>
    </ClCompile>
    <ClCompile Include="source\395_44.cpp">
      <Filter>Source Files</Filter>
    </ClCompile>
    <ClCompile Include="source\399_55.cpp">
      <Filter>Source Files</Filter>
    </ClCompile>
    <ClCompile Include="source\400_25.cpp">
      <Filter>Source Files</Filter>
    </ClCompile>
    <ClCompile Include="source\403_14.cpp">
      <Filter>Source Files</Filter>
    </ClCompile>
    <ClCompile Include="source\409.cpp">
      <Filter>Source Files</Filter>
    </ClCompile>
    <ClCompile Include="source\410.cpp">
      <Filter>Source Files</Filter>
    </ClCompile>
    <ClCompile Include="source\415.cpp">
      <Filter>Source Files</Filter>
    </ClCompile>
    <ClCompile Include="source\416.cpp">
      <Filter>Source Files</Filter>
    </ClCompile>
    <ClCompile Include="source\417.cpp">
      <Filter>Source Files</Filter>
    </ClCompile>
    <ClCompile Include="source\547.cpp">
      <Filter>Source Files</Filter>
    </ClCompile>
    <ClCompile Include="source\684.cpp">
      <Filter>Source Files</Filter>
    </ClCompile>
    <ClCompile Include="source\310\310_v1.cpp">
      <Filter>Source Files\310</Filter>
    </ClCompile>
    <ClCompile Include="source\310\310_v2.cpp">
      <Filter>Source Files\310</Filter>
    </ClCompile>
    <ClCompile Include="source\704.cpp">
      <Filter>Source Files</Filter>
    </ClCompile>
    <ClCompile Include="source\278.cpp">
      <Filter>Source Files</Filter>
    </ClCompile>
    <ClCompile Include="source\35.cpp">
      <Filter>Source Files</Filter>
    </ClCompile>
    <ClCompile Include="source\977.cpp">
      <Filter>Source Files</Filter>
    </ClCompile>
    <ClCompile Include="source\189.cpp">
      <Filter>Source Files</Filter>
    </ClCompile>
    <ClCompile Include="source\26.cpp">
      <Filter>Source Files</Filter>
    </ClCompile>
    <ClCompile Include="source\543.cpp">
      <Filter>Source Files</Filter>
    </ClCompile>
  </ItemGroup>
  <ItemGroup>
    <ClInclude Include="source\310\310.h">
      <Filter>Source Files\310</Filter>
    </ClInclude>
  </ItemGroup>
</Project>